// !$*UTF8*$!
{
	archiveVersion = 1;
	classes = {
	};
	objectVersion = 46;
	objects = {

/* Begin PBXBuildFile section */
		F4B61FB71CEE3A0100B59B2D /* AppDelegate.swift in Sources */ = {isa = PBXBuildFile; fileRef = F4B61FB61CEE3A0100B59B2D /* AppDelegate.swift */; };
		F4B61FB91CEE3A0100B59B2D /* ViewController.swift in Sources */ = {isa = PBXBuildFile; fileRef = F4B61FB81CEE3A0100B59B2D /* ViewController.swift */; };
		F4B61FBC1CEE3A0100B59B2D /* Main.storyboard in Resources */ = {isa = PBXBuildFile; fileRef = F4B61FBA1CEE3A0100B59B2D /* Main.storyboard */; };
		F4B61FBE1CEE3A0100B59B2D /* Assets.xcassets in Resources */ = {isa = PBXBuildFile; fileRef = F4B61FBD1CEE3A0100B59B2D /* Assets.xcassets */; };
		F4B61FC11CEE3A0100B59B2D /* LaunchScreen.storyboard in Resources */ = {isa = PBXBuildFile; fileRef = F4B61FBF1CEE3A0100B59B2D /* LaunchScreen.storyboard */; };
		F4B61FCC1CEE3A0100B59B2D /* HappinessTests.swift in Sources */ = {isa = PBXBuildFile; fileRef = F4B61FCB1CEE3A0100B59B2D /* HappinessTests.swift */; };
/* End PBXBuildFile section */

/* Begin PBXContainerItemProxy section */
		F4B61FC81CEE3A0100B59B2D /* PBXContainerItemProxy */ = {
			isa = PBXContainerItemProxy;
			containerPortal = F4B61FAB1CEE3A0000B59B2D /* Project object */;
			proxyType = 1;
			remoteGlobalIDString = F4B61FB21CEE3A0000B59B2D;
			remoteInfo = Happiness;
		};
/* End PBXContainerItemProxy section */

/* Begin PBXFileReference section */
		F4B61FB31CEE3A0100B59B2D /* Happiness.app */ = {isa = PBXFileReference; explicitFileType = wrapper.application; includeInIndex = 0; path = Happiness.app; sourceTree = BUILT_PRODUCTS_DIR; };
		F4B61FB61CEE3A0100B59B2D /* AppDelegate.swift */ = {isa = PBXFileReference; lastKnownFileType = sourcecode.swift; path = AppDelegate.swift; sourceTree = "<group>"; };
		F4B61FB81CEE3A0100B59B2D /* ViewController.swift */ = {isa = PBXFileReference; lastKnownFileType = sourcecode.swift; path = ViewController.swift; sourceTree = "<group>"; };
		F4B61FBB1CEE3A0100B59B2D /* Base */ = {isa = PBXFileReference; lastKnownFileType = file.storyboard; name = Base; path = Base.lproj/Main.storyboard; sourceTree = "<group>"; };
		F4B61FBD1CEE3A0100B59B2D /* Assets.xcassets */ = {isa = PBXFileReference; lastKnownFileType = folder.assetcatalog; path = Assets.xcassets; sourceTree = "<group>"; };
		F4B61FC01CEE3A0100B59B2D /* Base */ = {isa = PBXFileReference; lastKnownFileType = file.storyboard; name = Base; path = Base.lproj/LaunchScreen.storyboard; sourceTree = "<group>"; };
		F4B61FC21CEE3A0100B59B2D /* Info.plist */ = {isa = PBXFileReference; lastKnownFileType = text.plist.xml; path = Info.plist; sourceTree = "<group>"; };
		F4B61FC71CEE3A0100B59B2D /* HappinessTests.xctest */ = {isa = PBXFileReference; explicitFileType = wrapper.cfbundle; includeInIndex = 0; path = HappinessTests.xctest; sourceTree = BUILT_PRODUCTS_DIR; };
		F4B61FCB1CEE3A0100B59B2D /* HappinessTests.swift */ = {isa = PBXFileReference; lastKnownFileType = sourcecode.swift; path = HappinessTests.swift; sourceTree = "<group>"; };
		F4B61FCD1CEE3A0100B59B2D /* Info.plist */ = {isa = PBXFileReference; lastKnownFileType = text.plist.xml; path = Info.plist; sourceTree = "<group>"; };
/* End PBXFileReference section */

/* Begin PBXFrameworksBuildPhase section */
		F4B61FB01CEE3A0000B59B2D /* Frameworks */ = {
			isa = PBXFrameworksBuildPhase;
			buildActionMask = 2147483647;
			files = (
			);
			runOnlyForDeploymentPostprocessing = 0;
		};
		F4B61FC41CEE3A0100B59B2D /* Frameworks */ = {
			isa = PBXFrameworksBuildPhase;
			buildActionMask = 2147483647;
			files = (
			);
			runOnlyForDeploymentPostprocessing = 0;
		};
/* End PBXFrameworksBuildPhase section */

/* Begin PBXGroup section */
		F4B61FAA1CEE3A0000B59B2D = {
			isa = PBXGroup;
			children = (
				F4B61FB51CEE3A0100B59B2D /* Happiness */,
				F4B61FCA1CEE3A0100B59B2D /* HappinessTests */,
				F4B61FB41CEE3A0100B59B2D /* Products */,
			);
			sourceTree = "<group>";
		};
		F4B61FB41CEE3A0100B59B2D /* Products */ = {
			isa = PBXGroup;
			children = (
				F4B61FB31CEE3A0100B59B2D /* Happiness.app */,
				F4B61FC71CEE3A0100B59B2D /* HappinessTests.xctest */,
			);
			name = Products;
			sourceTree = "<group>";
		};
		F4B61FB51CEE3A0100B59B2D /* Happiness */ = {
			isa = PBXGroup;
			children = (
				F4B61FB61CEE3A0100B59B2D /* AppDelegate.swift */,
				F4B61FB81CEE3A0100B59B2D /* ViewController.swift */,
				F4B61FBA1CEE3A0100B59B2D /* Main.storyboard */,
				F4B61FBD1CEE3A0100B59B2D /* Assets.xcassets */,
				F4B61FBF1CEE3A0100B59B2D /* LaunchScreen.storyboard */,
				F4B61FC21CEE3A0100B59B2D /* Info.plist */,
			);
			path = Happiness;
			sourceTree = "<group>";
		};
		F4B61FCA1CEE3A0100B59B2D /* HappinessTests */ = {
			isa = PBXGroup;
			children = (
				F4B61FCB1CEE3A0100B59B2D /* HappinessTests.swift */,
				F4B61FCD1CEE3A0100B59B2D /* Info.plist */,
			);
			path = HappinessTests;
			sourceTree = "<group>";
		};
/* End PBXGroup section */

/* Begin PBXNativeTarget section */
		F4B61FB21CEE3A0000B59B2D /* Happiness */ = {
			isa = PBXNativeTarget;
			buildConfigurationList = F4B61FD01CEE3A0100B59B2D /* Build configuration list for PBXNativeTarget "Happiness" */;
			buildPhases = (
				F4B61FAF1CEE3A0000B59B2D /* Sources */,
				F4B61FB01CEE3A0000B59B2D /* Frameworks */,
				F4B61FB11CEE3A0000B59B2D /* Resources */,
			);
			buildRules = (
			);
			dependencies = (
			);
			name = Happiness;
			productName = Happiness;
			productReference = F4B61FB31CEE3A0100B59B2D /* Happiness.app */;
			productType = "com.apple.product-type.application";
		};
		F4B61FC61CEE3A0100B59B2D /* HappinessTests */ = {
			isa = PBXNativeTarget;
			buildConfigurationList = F4B61FD31CEE3A0100B59B2D /* Build configuration list for PBXNativeTarget "HappinessTests" */;
			buildPhases = (
				F4B61FC31CEE3A0100B59B2D /* Sources */,
				F4B61FC41CEE3A0100B59B2D /* Frameworks */,
				F4B61FC51CEE3A0100B59B2D /* Resources */,
			);
			buildRules = (
			);
			dependencies = (
				F4B61FC91CEE3A0100B59B2D /* PBXTargetDependency */,
			);
			name = HappinessTests;
			productName = HappinessTests;
			productReference = F4B61FC71CEE3A0100B59B2D /* HappinessTests.xctest */;
			productType = "com.apple.product-type.bundle.unit-test";
		};
/* End PBXNativeTarget section */

/* Begin PBXProject section */
		F4B61FAB1CEE3A0000B59B2D /* Project object */ = {
			isa = PBXProject;
			attributes = {
				LastSwiftUpdateCheck = 0730;
				LastUpgradeCheck = 0730;
				ORGANIZATIONNAME = "Sam Fisher";
				TargetAttributes = {
					F4B61FB21CEE3A0000B59B2D = {
						CreatedOnToolsVersion = 7.3.1;
					};
					F4B61FC61CEE3A0100B59B2D = {
						CreatedOnToolsVersion = 7.3.1;
						TestTargetID = F4B61FB21CEE3A0000B59B2D;
					};
				};
			};
			buildConfigurationList = F4B61FAE1CEE3A0000B59B2D /* Build configuration list for PBXProject "Happiness" */;
			compatibilityVersion = "Xcode 3.2";
			developmentRegion = English;
			hasScannedForEncodings = 0;
			knownRegions = (
				en,
				Base,
			);
			mainGroup = F4B61FAA1CEE3A0000B59B2D;
			productRefGroup = F4B61FB41CEE3A0100B59B2D /* Products */;
			projectDirPath = "";
			projectRoot = "";
			targets = (
				F4B61FB21CEE3A0000B59B2D /* Happiness */,
				F4B61FC61CEE3A0100B59B2D /* HappinessTests */,
			);
		};
/* End PBXProject section */

/* Begin PBXResourcesBuildPhase section */
		F4B61FB11CEE3A0000B59B2D /* Resources */ = {
			isa = PBXResourcesBuildPhase;
			buildActionMask = 2147483647;
			files = (
				F4B61FC11CEE3A0100B59B2D /* LaunchScreen.storyboard in Resources */,
				F4B61FBE1CEE3A0100B59B2D /* Assets.xcassets in Resources */,
				F4B61FBC1CEE3A0100B59B2D /* Main.storyboard in Resources */,
			);
			runOnlyForDeploymentPostprocessing = 0;
		};
		F4B61FC51CEE3A0100B59B2D /* Resources */ = {
			isa = PBXResourcesBuildPhase;
			buildActionMask = 2147483647;
			files = (
			);
			runOnlyForDeploymentPostprocessing = 0;
		};
/* End PBXResourcesBuildPhase section */

/* Begin PBXSourcesBuildPhase section */
		F4B61FAF1CEE3A0000B59B2D /* Sources */ = {
			isa = PBXSourcesBuildPhase;
			buildActionMask = 2147483647;
			files = (
				F4B61FB91CEE3A0100B59B2D /* ViewController.swift in Sources */,
				F4B61FB71CEE3A0100B59B2D /* AppDelegate.swift in Sources */,
			);
			runOnlyForDeploymentPostprocessing = 0;
		};
		F4B61FC31CEE3A0100B59B2D /* Sources */ = {
			isa = PBXSourcesBuildPhase;
			buildActionMask = 2147483647;
			files = (
				F4B61FCC1CEE3A0100B59B2D /* HappinessTests.swift in Sources */,
			);
			runOnlyForDeploymentPostprocessing = 0;
		};
/* End PBXSourcesBuildPhase section */

/* Begin PBXTargetDependency section */
		F4B61FC91CEE3A0100B59B2D /* PBXTargetDependency */ = {
			isa = PBXTargetDependency;
			target = F4B61FB21CEE3A0000B59B2D /* Happiness */;
			targetProxy = F4B61FC81CEE3A0100B59B2D /* PBXContainerItemProxy */;
		};
/* End PBXTargetDependency section */

/* Begin PBXVariantGroup section */
		F4B61FBA1CEE3A0100B59B2D /* Main.storyboard */ = {
			isa = PBXVariantGroup;
			children = (
				F4B61FBB1CEE3A0100B59B2D /* Base */,
			);
			name = Main.storyboard;
			sourceTree = "<group>";
		};
		F4B61FBF1CEE3A0100B59B2D /* LaunchScreen.storyboard */ = {
			isa = PBXVariantGroup;
			children = (
				F4B61FC01CEE3A0100B59B2D /* Base */,
			);
			name = LaunchScreen.storyboard;
			sourceTree = "<group>";
		};
/* End PBXVariantGroup section */

/* Begin XCBuildConfiguration section */
		F4B61FCE1CEE3A0100B59B2D /* Debug */ = {
			isa = XCBuildConfiguration;
			buildSettings = {
				ALWAYS_SEARCH_USER_PATHS = NO;
				CLANG_ANALYZER_NONNULL = YES;
				CLANG_CXX_LANGUAGE_STANDARD = "gnu++0x";
				CLANG_CXX_LIBRARY = "libc++";
				CLANG_ENABLE_MODULES = YES;
				CLANG_ENABLE_OBJC_ARC = YES;
				CLANG_WARN_BOOL_CONVERSION = YES;
				CLANG_WARN_CONSTANT_CONVERSION = YES;
				CLANG_WARN_DIRECT_OBJC_ISA_USAGE = YES_ERROR;
				CLANG_WARN_EMPTY_BODY = YES;
				CLANG_WARN_ENUM_CONVERSION = YES;
				CLANG_WARN_INT_CONVERSION = YES;
				CLANG_WARN_OBJC_ROOT_CLASS = YES_ERROR;
				CLANG_WARN_UNREACHABLE_CODE = YES;
				CLANG_WARN__DUPLICATE_METHOD_MATCH = YES;
				"CODE_SIGN_IDENTITY[sdk=iphoneos*]" = "iPhone Developer";
				COPY_PHASE_STRIP = NO;
				DEBUG_INFORMATION_FORMAT = dwarf;
				ENABLE_STRICT_OBJC_MSGSEND = YES;
				ENABLE_TESTABILITY = YES;
				GCC_C_LANGUAGE_STANDARD = gnu99;
				GCC_DYNAMIC_NO_PIC = NO;
				GCC_NO_COMMON_BLOCKS = YES;
				GCC_OPTIMIZATION_LEVEL = 0;
				GCC_PREPROCESSOR_DEFINITIONS = (
					"DEBUG=1",
					"$(inherited)",
				);
				GCC_WARN_64_TO_32_BIT_CONVERSION = YES;
				GCC_WARN_ABOUT_RETURN_TYPE = YES_ERROR;
				GCC_WARN_UNDECLARED_SELECTOR = YES;
				GCC_WARN_UNINITIALIZED_AUTOS = YES_AGGRESSIVE;
				GCC_WARN_UNUSED_FUNCTION = YES;
				GCC_WARN_UNUSED_VARIABLE = YES;
				IPHONEOS_DEPLOYMENT_TARGET = 9.3;
				MTL_ENABLE_DEBUG_INFO = YES;
				ONLY_ACTIVE_ARCH = YES;
				SDKROOT = iphoneos;
				SWIFT_OPTIMIZATION_LEVEL = "-Onone";
				TARGETED_DEVICE_FAMILY = "1,2";
			};
			name = Debug;
		};
		F4B61FCF1CEE3A0100B59B2D /* Release */ = {
			isa = XCBuildConfiguration;
			buildSettings = {
				ALWAYS_SEARCH_USER_PATHS = NO;
				CLANG_ANALYZER_NONNULL = YES;
				CLANG_CXX_LANGUAGE_STANDARD = "gnu++0x";
				CLANG_CXX_LIBRARY = "libc++";
				CLANG_ENABLE_MODULES = YES;
				CLANG_ENABLE_OBJC_ARC = YES;
				CLANG_WARN_BOOL_CONVERSION = YES;
				CLANG_WARN_CONSTANT_CONVERSION = YES;
				CLANG_WARN_DIRECT_OBJC_ISA_USAGE = YES_ERROR;
				CLANG_WARN_EMPTY_BODY = YES;
				CLANG_WARN_ENUM_CONVERSION = YES;
				CLANG_WARN_INT_CONVERSION = YES;
				CLANG_WARN_OBJC_ROOT_CLASS = YES_ERROR;
				CLANG_WARN_UNREACHABLE_CODE = YES;
				CLANG_WARN__DUPLICATE_METHOD_MATCH = YES;
				"CODE_SIGN_IDENTITY[sdk=iphoneos*]" = "iPhone Developer";
				COPY_PHASE_STRIP = NO;
				DEBUG_INFORMATION_FORMAT = "dwarf-with-dsym";
				ENABLE_NS_ASSERTIONS = NO;
				ENABLE_STRICT_OBJC_MSGSEND = YES;
				GCC_C_LANGUAGE_STANDARD = gnu99;
				GCC_NO_COMMON_BLOCKS = YES;
				GCC_WARN_64_TO_32_BIT_CONVERSION = YES;
				GCC_WARN_ABOUT_RETURN_TYPE = YES_ERROR;
				GCC_WARN_UNDECLARED_SELECTOR = YES;
				GCC_WARN_UNINITIALIZED_AUTOS = YES_AGGRESSIVE;
				GCC_WARN_UNUSED_FUNCTION = YES;
				GCC_WARN_UNUSED_VARIABLE = YES;
				IPHONEOS_DEPLOYMENT_TARGET = 9.3;
				MTL_ENABLE_DEBUG_INFO = NO;
				SDKROOT = iphoneos;
				TARGETED_DEVICE_FAMILY = "1,2";
				VALIDATE_PRODUCT = YES;
			};
			name = Release;
		};
		F4B61FD11CEE3A0100B59B2D /* Debug */ = {
			isa = XCBuildConfiguration;
			buildSettings = {
				ASSETCATALOG_COMPILER_APPICON_NAME = AppIcon;
				INFOPLIST_FILE = Happiness/Info.plist;
				LD_RUNPATH_SEARCH_PATHS = "$(inherited) @executable_path/Frameworks";
				PRODUCT_BUNDLE_IDENTIFIER = com.example.Happiness;
				PRODUCT_NAME = "$(TARGET_NAME)";
			};
			name = Debug;
		};
		F4B61FD21CEE3A0100B59B2D /* Release */ = {
			isa = XCBuildConfiguration;
			buildSettings = {
				ASSETCATALOG_COMPILER_APPICON_NAME = AppIcon;
				INFOPLIST_FILE = Happiness/Info.plist;
				LD_RUNPATH_SEARCH_PATHS = "$(inherited) @executable_path/Frameworks";
				PRODUCT_BUNDLE_IDENTIFIER = com.example.Happiness;
				PRODUCT_NAME = "$(TARGET_NAME)";
			};
			name = Release;
		};
		F4B61FD41CEE3A0100B59B2D /* Debug */ = {
			isa = XCBuildConfiguration;
			buildSettings = {
				BUNDLE_LOADER = "$(TEST_HOST)";
				INFOPLIST_FILE = HappinessTests/Info.plist;
				LD_RUNPATH_SEARCH_PATHS = "$(inherited) @executable_path/Frameworks @loader_path/Frameworks";
				PRODUCT_BUNDLE_IDENTIFIER = com.example.HappinessTests;
				PRODUCT_NAME = "$(TARGET_NAME)";
				TEST_HOST = "$(BUILT_PRODUCTS_DIR)/Happiness.app/Happiness";
			};
			name = Debug;
		};
		F4B61FD51CEE3A0100B59B2D /* Release */ = {
			isa = XCBuildConfiguration;
			buildSettings = {
				BUNDLE_LOADER = "$(TEST_HOST)";
				INFOPLIST_FILE = HappinessTests/Info.plist;
				LD_RUNPATH_SEARCH_PATHS = "$(inherited) @executable_path/Frameworks @loader_path/Frameworks";
				PRODUCT_BUNDLE_IDENTIFIER = com.example.HappinessTests;
				PRODUCT_NAME = "$(TARGET_NAME)";
				TEST_HOST = "$(BUILT_PRODUCTS_DIR)/Happiness.app/Happiness";
			};
			name = Release;
		};
/* End XCBuildConfiguration section */

/* Begin XCConfigurationList section */
		F4B61FAE1CEE3A0000B59B2D /* Build configuration list for PBXProject "Happiness" */ = {
			isa = XCConfigurationList;
			buildConfigurations = (
				F4B61FCE1CEE3A0100B59B2D /* Debug */,
				F4B61FCF1CEE3A0100B59B2D /* Release */,
			);
			defaultConfigurationIsVisible = 0;
			defaultConfigurationName = Release;
		};
		F4B61FD01CEE3A0100B59B2D /* Build configuration list for PBXNativeTarget "Happiness" */ = {
			isa = XCConfigurationList;
			buildConfigurations = (
				F4B61FD11CEE3A0100B59B2D /* Debug */,
				F4B61FD21CEE3A0100B59B2D /* Release */,
			);
			defaultConfigurationIsVisible = 0;
		};
		F4B61FD31CEE3A0100B59B2D /* Build configuration list for PBXNativeTarget "HappinessTests" */ = {
			isa = XCConfigurationList;
			buildConfigurations = (
				F4B61FD41CEE3A0100B59B2D /* Debug */,
				F4B61FD51CEE3A0100B59B2D /* Release */,
			);
			defaultConfigurationIsVisible = 0;
		};
/* End XCConfigurationList section */
	};
	rootObject = F4B61FAB1CEE3A0000B59B2D /* Project object */;
}
